# generated by make_locks.sh on 2026-10-04 from base_env.pip.txt; install with
# pip install --no-deps --require-hashes -r base_env.pip.lock
pydeface==2.1.0 --hash=sha256:957aac1daaedd437a4191d450c4b2829e052351e33272b79ae978c9703edc99e
bids-validator-deno==3.0.2 --hash=sha256:2607e11f18c7da5d788771e474a9cf0c95ed044cb6c3824e57faf45a02eeb5cd
deno==2.9.7 --hash=sha256:836f2ab5918723b47b638a05bc4fdac99fc35e69b49a6771c24e32b19dff5d8a
