# generated by make_locks.sh on 2026-10-04 from the specifications in ubuntu24/
# This file may be used to create an environment using:
# $ conda create --name <env> --file <this file>
# platform: linux-64
# created-by: conda 26.9.1
@EXPLICIT
https://conda.anaconda.org/conda-forge/linux-64/openjdk-8.0.472-h4d9bdce_0.conda#e59d670ce17e1b7aefd336f183690a1782d613070b1cf00bfb2ec66761651cc8
